
Microsoft Visual Studio Solution File, Format Version 12.00
# Visual Studio Version 17
VisualStudioVersion = 17.0.31903.59
MinimumVisualStudioVersion = 10.0.40219.1
Project("{FAE04EC0-301F-11D3-BF4B-00C04F79EFBC}") = "WebAPI", "WebAPI\WebAPI.csproj", "{DD2BA693-CEB1-457F-A423-DDD1B5C7B8AA}"
EndProject
Global
	GlobalSection(SolutionConfigurationPlatforms) = preSolution
		Debug|Any CPU = Debug|Any CPU
		Release|Any CPU = Release|Any CPU
	EndGlobalSection
	GlobalSection(SolutionProperties) = preSolution
		HideSolutionNode = FALSE
	EndGlobalSection
	GlobalSection(ProjectConfigurationPlatforms) = postSolution
		{DD2BA693-CEB1-457F-A423-DDD1B5C7B8AA}.Debug|Any CPU.ActiveCfg = Debug|Any CPU
		{DD2BA693-CEB1-457F-A423-DDD1B5C7B8AA}.Debug|Any CPU.Build.0 = Debug|Any CPU
		{DD2BA693-CEB1-457F-A423-DDD1B5C7B8AA}.Release|Any CPU.ActiveCfg = Release|Any CPU
		{DD2BA693-CEB1-457F-A423-DDD1B5C7B8AA}.Release|Any CPU.Build.0 = Release|Any CPU
	EndGlobalSection
EndGlobal
